// !$*UTF8*$!
{
	archiveVersion = 1;
	classes = {
	};
	objectVersion = 50;
	objects = {

/* Begin PBXBuildFile section */
		B31845052493D40600FC22B8 /* EditorBuffer.swift in Sources */ = {isa = PBXBuildFile; fileRef = B31845042493D40600FC22B8 /* EditorBuffer.swift */; };
		B31A9D22249F75640070A300 /* PreferencesTabViewController.swift in Sources */ = {isa = PBXBuildFile; fileRef = B31A9D21249F75640070A300 /* PreferencesTabViewController.swift */; };
		B31BCED12494F4DC00B8F897 /* Preferences.swift in Sources */ = {isa = PBXBuildFile; fileRef = B31BCED02494F4DC00B8F897 /* Preferences.swift */; };
		B31ED5DC249374EF0075BEC3 /* URL+Extension.swift in Sources */ = {isa = PBXBuildFile; fileRef = B31ED5DB249374EF0075BEC3 /* URL+Extension.swift */; };
		B36046472494BAD60088498D /* Highlightr.framework in Frameworks */ = {isa = PBXBuildFile; fileRef = B36046462494BAD60088498D /* Highlightr.framework */; };
		B36046482494BAD60088498D /* Highlightr.framework in Embed Frameworks */ = {isa = PBXBuildFile; fileRef = B36046462494BAD60088498D /* Highlightr.framework */; settings = {ATTRIBUTES = (CodeSignOnCopy, RemoveHeadersOnCopy, ); }; };
		B36D458324960B6F00DB683E /* FileNameTableCellView.swift in Sources */ = {isa = PBXBuildFile; fileRef = B36D458224960B6F00DB683E /* FileNameTableCellView.swift */; };
		B39BBE36248FC22E00855E32 /* AppDelegate.swift in Sources */ = {isa = PBXBuildFile; fileRef = B39BBE35248FC22E00855E32 /* AppDelegate.swift */; };
		B39BBE38248FC22E00855E32 /* EditorViewController.swift in Sources */ = {isa = PBXBuildFile; fileRef = B39BBE37248FC22E00855E32 /* EditorViewController.swift */; };
		B39BBE3A248FC23500855E32 /* Assets.xcassets in Resources */ = {isa = PBXBuildFile; fileRef = B39BBE39248FC23500855E32 /* Assets.xcassets */; };
		B39BBE46248FC5D400855E32 /* EditorWindowController.swift in Sources */ = {isa = PBXBuildFile; fileRef = B39BBE45248FC5D400855E32 /* EditorWindowController.swift */; };
		B39BBE4B248FCA9500855E32 /* DocumentManager.swift in Sources */ = {isa = PBXBuildFile; fileRef = B39BBE4A248FCA9500855E32 /* DocumentManager.swift */; };
		B3B7D8692493B9B2008BBB48 /* NSFont+Extension.swift in Sources */ = {isa = PBXBuildFile; fileRef = B3B7D8682493B9B2008BBB48 /* NSFont+Extension.swift */; };
		B3EE2A46249E3DC900FF8123 /* Preferences.storyboard in Resources */ = {isa = PBXBuildFile; fileRef = B3EE2A45249E3DC900FF8123 /* Preferences.storyboard */; };
		B3EE2A48249E3EA000FF8123 /* PreferencesWindowController.swift in Sources */ = {isa = PBXBuildFile; fileRef = B3EE2A47249E3EA000FF8123 /* PreferencesWindowController.swift */; };
		B3EE2A4A249E3EB300FF8123 /* GeneralViewController.swift in Sources */ = {isa = PBXBuildFile; fileRef = B3EE2A49249E3EB300FF8123 /* GeneralViewController.swift */; };
		B3EE2A51249E3FED00FF8123 /* Editor.storyboard in Resources */ = {isa = PBXBuildFile; fileRef = B3EE2A50249E3FED00FF8123 /* Editor.storyboard */; };
		B3EE2A53249E3FFE00FF8123 /* Main.storyboard in Resources */ = {isa = PBXBuildFile; fileRef = B3EE2A52249E3FFE00FF8123 /* Main.storyboard */; };
		B3EE2A55249E486B00FF8123 /* NSColor+Extension.swift in Sources */ = {isa = PBXBuildFile; fileRef = B3EE2A54249E486B00FF8123 /* NSColor+Extension.swift */; };
/* End PBXBuildFile section */

/* Begin PBXCopyFilesBuildPhase section */
		B36046492494BAD60088498D /* Embed Frameworks */ = {
			isa = PBXCopyFilesBuildPhase;
			buildActionMask = 2147483647;
			dstPath = "";
			dstSubfolderSpec = 10;
			files = (
				B36046482494BAD60088498D /* Highlightr.framework in Embed Frameworks */,
			);
			name = "Embed Frameworks";
			runOnlyForDeploymentPostprocessing = 0;
		};
/* End PBXCopyFilesBuildPhase section */

/* Begin PBXFileReference section */
		B31845042493D40600FC22B8 /* EditorBuffer.swift */ = {isa = PBXFileReference; lastKnownFileType = sourcecode.swift; path = EditorBuffer.swift; sourceTree = "<group>"; };
		B31A9D21249F75640070A300 /* PreferencesTabViewController.swift */ = {isa = PBXFileReference; lastKnownFileType = sourcecode.swift; path = PreferencesTabViewController.swift; sourceTree = "<group>"; };
		B31BCED02494F4DC00B8F897 /* Preferences.swift */ = {isa = PBXFileReference; lastKnownFileType = sourcecode.swift; path = Preferences.swift; sourceTree = "<group>"; };
		B31ED5DB249374EF0075BEC3 /* URL+Extension.swift */ = {isa = PBXFileReference; lastKnownFileType = sourcecode.swift; path = "URL+Extension.swift"; sourceTree = "<group>"; };
		B36046462494BAD60088498D /* Highlightr.framework */ = {isa = PBXFileReference; explicitFileType = wrapper.framework; path = Highlightr.framework; sourceTree = BUILT_PRODUCTS_DIR; };
		B36D458224960B6F00DB683E /* FileNameTableCellView.swift */ = {isa = PBXFileReference; lastKnownFileType = sourcecode.swift; path = FileNameTableCellView.swift; sourceTree = "<group>"; };
		B39BBE32248FC22E00855E32 /* AntiProton.app */ = {isa = PBXFileReference; explicitFileType = wrapper.application; includeInIndex = 0; path = AntiProton.app; sourceTree = BUILT_PRODUCTS_DIR; };
		B39BBE35248FC22E00855E32 /* AppDelegate.swift */ = {isa = PBXFileReference; lastKnownFileType = sourcecode.swift; path = AppDelegate.swift; sourceTree = "<group>"; };
		B39BBE37248FC22E00855E32 /* EditorViewController.swift */ = {isa = PBXFileReference; lastKnownFileType = sourcecode.swift; path = EditorViewController.swift; sourceTree = "<group>"; };
		B39BBE39248FC23500855E32 /* Assets.xcassets */ = {isa = PBXFileReference; lastKnownFileType = folder.assetcatalog; path = Assets.xcassets; sourceTree = "<group>"; };
		B39BBE3E248FC23500855E32 /* Info.plist */ = {isa = PBXFileReference; lastKnownFileType = text.plist.xml; path = Info.plist; sourceTree = "<group>"; };
		B39BBE3F248FC23500855E32 /* AntiProton.entitlements */ = {isa = PBXFileReference; lastKnownFileType = text.plist.entitlements; path = AntiProton.entitlements; sourceTree = "<group>"; };
		B39BBE45248FC5D400855E32 /* EditorWindowController.swift */ = {isa = PBXFileReference; lastKnownFileType = sourcecode.swift; path = EditorWindowController.swift; sourceTree = "<group>"; };
		B39BBE4A248FCA9500855E32 /* DocumentManager.swift */ = {isa = PBXFileReference; lastKnownFileType = sourcecode.swift; path = DocumentManager.swift; sourceTree = "<group>"; };
		B3B7D8682493B9B2008BBB48 /* NSFont+Extension.swift */ = {isa = PBXFileReference; lastKnownFileType = sourcecode.swift; path = "NSFont+Extension.swift"; sourceTree = "<group>"; };
		B3EE2A45249E3DC900FF8123 /* Preferences.storyboard */ = {isa = PBXFileReference; lastKnownFileType = file.storyboard; path = Preferences.storyboard; sourceTree = "<group>"; };
		B3EE2A47249E3EA000FF8123 /* PreferencesWindowController.swift */ = {isa = PBXFileReference; lastKnownFileType = sourcecode.swift; path = PreferencesWindowController.swift; sourceTree = "<group>"; };
		B3EE2A49249E3EB300FF8123 /* GeneralViewController.swift */ = {isa = PBXFileReference; lastKnownFileType = sourcecode.swift; path = GeneralViewController.swift; sourceTree = "<group>"; };
		B3EE2A50249E3FED00FF8123 /* Editor.storyboard */ = {isa = PBXFileReference; fileEncoding = 4; lastKnownFileType = file.storyboard; path = Editor.storyboard; sourceTree = "<group>"; };
		B3EE2A52249E3FFE00FF8123 /* Main.storyboard */ = {isa = PBXFileReference; fileEncoding = 4; lastKnownFileType = file.storyboard; path = Main.storyboard; sourceTree = "<group>"; };
		B3EE2A54249E486B00FF8123 /* NSColor+Extension.swift */ = {isa = PBXFileReference; lastKnownFileType = sourcecode.swift; path = "NSColor+Extension.swift"; sourceTree = "<group>"; };
/* End PBXFileReference section */

/* Begin PBXFrameworksBuildPhase section */
		B39BBE2F248FC22E00855E32 /* Frameworks */ = {
			isa = PBXFrameworksBuildPhase;
			buildActionMask = 2147483647;
			files = (
				B36046472494BAD60088498D /* Highlightr.framework in Frameworks */,
			);
			runOnlyForDeploymentPostprocessing = 0;
		};
/* End PBXFrameworksBuildPhase section */

/* Begin PBXGroup section */
		B36046452494BAD60088498D /* Frameworks */ = {
			isa = PBXGroup;
			children = (
				B36046462494BAD60088498D /* Highlightr.framework */,
			);
			name = Frameworks;
			sourceTree = "<group>";
		};
		B39BBE29248FC22E00855E32 = {
			isa = PBXGroup;
			children = (
				B39BBE34248FC22E00855E32 /* AntiProton */,
				B39BBE33248FC22E00855E32 /* Products */,
				B36046452494BAD60088498D /* Frameworks */,
			);
			sourceTree = "<group>";
		};
		B39BBE33248FC22E00855E32 /* Products */ = {
			isa = PBXGroup;
			children = (
				B39BBE32248FC22E00855E32 /* AntiProton.app */,
			);
			name = Products;
			sourceTree = "<group>";
		};
		B39BBE34248FC22E00855E32 /* AntiProton */ = {
			isa = PBXGroup;
			children = (
				B39BBE35248FC22E00855E32 /* AppDelegate.swift */,
				B3EE2A52249E3FFE00FF8123 /* Main.storyboard */,
				B39BBE47248FC63500855E32 /* Editor */,
				B3EE2A44249E3D7200FF8123 /* Preferences */,
				B39BBE49248FCA7900855E32 /* Utils */,
				B39BBE39248FC23500855E32 /* Assets.xcassets */,
				B39BBE3E248FC23500855E32 /* Info.plist */,
				B39BBE3F248FC23500855E32 /* AntiProton.entitlements */,
			);
			path = AntiProton;
			sourceTree = "<group>";
		};
		B39BBE47248FC63500855E32 /* Editor */ = {
			isa = PBXGroup;
			children = (
				B3EE2A50249E3FED00FF8123 /* Editor.storyboard */,
				B31845042493D40600FC22B8 /* EditorBuffer.swift */,
				B39BBE37248FC22E00855E32 /* EditorViewController.swift */,
				B39BBE45248FC5D400855E32 /* EditorWindowController.swift */,
				B39BBE4A248FCA9500855E32 /* DocumentManager.swift */,
				B36D458224960B6F00DB683E /* FileNameTableCellView.swift */,
			);
			name = Editor;
			sourceTree = "<group>";
		};
		B39BBE49248FCA7900855E32 /* Utils */ = {
			isa = PBXGroup;
			children = (
				B31ED5DB249374EF0075BEC3 /* URL+Extension.swift */,
				B3B7D8682493B9B2008BBB48 /* NSFont+Extension.swift */,
				B3EE2A54249E486B00FF8123 /* NSColor+Extension.swift */,
			);
			name = Utils;
			sourceTree = "<group>";
		};
		B3EE2A44249E3D7200FF8123 /* Preferences */ = {
			isa = PBXGroup;
			children = (
				B3EE2A45249E3DC900FF8123 /* Preferences.storyboard */,
				B31BCED02494F4DC00B8F897 /* Preferences.swift */,
				B3EE2A47249E3EA000FF8123 /* PreferencesWindowController.swift */,
				B31A9D21249F75640070A300 /* PreferencesTabViewController.swift */,
				B3EE2A49249E3EB300FF8123 /* GeneralViewController.swift */,
			);
			name = Preferences;
			sourceTree = "<group>";
		};
/* End PBXGroup section */

/* Begin PBXNativeTarget section */
		B39BBE31248FC22E00855E32 /* AntiProton */ = {
			isa = PBXNativeTarget;
			buildConfigurationList = B39BBE42248FC23500855E32 /* Build configuration list for PBXNativeTarget "AntiProton" */;
			buildPhases = (
				B39BBE2E248FC22E00855E32 /* Sources */,
				B39BBE2F248FC22E00855E32 /* Frameworks */,
				B39BBE30248FC22E00855E32 /* Resources */,
				B36046492494BAD60088498D /* Embed Frameworks */,
			);
			buildRules = (
			);
			dependencies = (
			);
			name = AntiProton;
			productName = AntiProton;
			productReference = B39BBE32248FC22E00855E32 /* AntiProton.app */;
			productType = "com.apple.product-type.application";
		};
/* End PBXNativeTarget section */

/* Begin PBXProject section */
		B39BBE2A248FC22E00855E32 /* Project object */ = {
			isa = PBXProject;
			attributes = {
				LastSwiftUpdateCheck = 1140;
				LastUpgradeCheck = 1140;
				ORGANIZATIONNAME = "Peter Luo";
				TargetAttributes = {
					B39BBE31248FC22E00855E32 = {
						CreatedOnToolsVersion = 11.4;
					};
				};
			};
			buildConfigurationList = B39BBE2D248FC22E00855E32 /* Build configuration list for PBXProject "AntiProton" */;
			compatibilityVersion = "Xcode 9.3";
			developmentRegion = en;
			hasScannedForEncodings = 0;
			knownRegions = (
				en,
				Base,
			);
			mainGroup = B39BBE29248FC22E00855E32;
			productRefGroup = B39BBE33248FC22E00855E32 /* Products */;
			projectDirPath = "";
			projectRoot = "";
			targets = (
				B39BBE31248FC22E00855E32 /* AntiProton */,
			);
		};
/* End PBXProject section */

/* Begin PBXResourcesBuildPhase section */
		B39BBE30248FC22E00855E32 /* Resources */ = {
			isa = PBXResourcesBuildPhase;
			buildActionMask = 2147483647;
			files = (
				B3EE2A46249E3DC900FF8123 /* Preferences.storyboard in Resources */,
				B3EE2A51249E3FED00FF8123 /* Editor.storyboard in Resources */,
				B39BBE3A248FC23500855E32 /* Assets.xcassets in Resources */,
				B3EE2A53249E3FFE00FF8123 /* Main.storyboard in Resources */,
			);
			runOnlyForDeploymentPostprocessing = 0;
		};
/* End PBXResourcesBuildPhase section */

/* Begin PBXSourcesBuildPhase section */
		B39BBE2E248FC22E00855E32 /* Sources */ = {
			isa = PBXSourcesBuildPhase;
			buildActionMask = 2147483647;
			files = (
				B31ED5DC249374EF0075BEC3 /* URL+Extension.swift in Sources */,
				B31A9D22249F75640070A300 /* PreferencesTabViewController.swift in Sources */,
				B3B7D8692493B9B2008BBB48 /* NSFont+Extension.swift in Sources */,
				B3EE2A55249E486B00FF8123 /* NSColor+Extension.swift in Sources */,
				B3EE2A48249E3EA000FF8123 /* PreferencesWindowController.swift in Sources */,
				B36D458324960B6F00DB683E /* FileNameTableCellView.swift in Sources */,
				B31845052493D40600FC22B8 /* EditorBuffer.swift in Sources */,
				B39BBE38248FC22E00855E32 /* EditorViewController.swift in Sources */,
				B39BBE36248FC22E00855E32 /* AppDelegate.swift in Sources */,
				B39BBE4B248FCA9500855E32 /* DocumentManager.swift in Sources */,
				B31BCED12494F4DC00B8F897 /* Preferences.swift in Sources */,
				B39BBE46248FC5D400855E32 /* EditorWindowController.swift in Sources */,
				B3EE2A4A249E3EB300FF8123 /* GeneralViewController.swift in Sources */,
			);
			runOnlyForDeploymentPostprocessing = 0;
		};
/* End PBXSourcesBuildPhase section */

/* Begin XCBuildConfiguration section */
		B39BBE40248FC23500855E32 /* Debug */ = {
			isa = XCBuildConfiguration;
			buildSettings = {
				ALWAYS_SEARCH_USER_PATHS = NO;
				CLANG_ANALYZER_NONNULL = YES;
				CLANG_ANALYZER_NUMBER_OBJECT_CONVERSION = YES_AGGRESSIVE;
				CLANG_CXX_LANGUAGE_STANDARD = "gnu++14";
				CLANG_CXX_LIBRARY = "libc++";
				CLANG_ENABLE_MODULES = YES;
				CLANG_ENABLE_OBJC_ARC = YES;
				CLANG_ENABLE_OBJC_WEAK = YES;
				CLANG_WARN_BLOCK_CAPTURE_AUTORELEASING = YES;
				CLANG_WARN_BOOL_CONVERSION = YES;
				CLANG_WARN_COMMA = YES;
				CLANG_WARN_CONSTANT_CONVERSION = YES;
				CLANG_WARN_DEPRECATED_OBJC_IMPLEMENTATIONS = YES;
				CLANG_WARN_DIRECT_OBJC_ISA_USAGE = YES_ERROR;
				CLANG_WARN_DOCUMENTATION_COMMENTS = YES;
				CLANG_WARN_EMPTY_BODY = YES;
				CLANG_WARN_ENUM_CONVERSION = YES;
				CLANG_WARN_INFINITE_RECURSION = YES;
				CLANG_WARN_INT_CONVERSION = YES;
				CLANG_WARN_NON_LITERAL_NULL_CONVERSION = YES;
				CLANG_WARN_OBJC_IMPLICIT_RETAIN_SELF = YES;
				CLANG_WARN_OBJC_LITERAL_CONVERSION = YES;
				CLANG_WARN_OBJC_ROOT_CLASS = YES_ERROR;
				CLANG_WARN_RANGE_LOOP_ANALYSIS = YES;
				CLANG_WARN_STRICT_PROTOTYPES = YES;
				CLANG_WARN_SUSPICIOUS_MOVE = YES;
				CLANG_WARN_UNGUARDED_AVAILABILITY = YES_AGGRESSIVE;
				CLANG_WARN_UNREACHABLE_CODE = YES;
				CLANG_WARN__DUPLICATE_METHOD_MATCH = YES;
				COPY_PHASE_STRIP = NO;
				DEBUG_INFORMATION_FORMAT = dwarf;
				ENABLE_STRICT_OBJC_MSGSEND = YES;
				ENABLE_TESTABILITY = YES;
				GCC_C_LANGUAGE_STANDARD = gnu11;
				GCC_DYNAMIC_NO_PIC = NO;
				GCC_NO_COMMON_BLOCKS = YES;
				GCC_OPTIMIZATION_LEVEL = 0;
				GCC_PREPROCESSOR_DEFINITIONS = (
					"DEBUG=1",
					"$(inherited)",
				);
				GCC_WARN_64_TO_32_BIT_CONVERSION = YES;
				GCC_WARN_ABOUT_RETURN_TYPE = YES_ERROR;
				GCC_WARN_UNDECLARED_SELECTOR = YES;
				GCC_WARN_UNINITIALIZED_AUTOS = YES_AGGRESSIVE;
				GCC_WARN_UNUSED_FUNCTION = YES;
				GCC_WARN_UNUSED_VARIABLE = YES;
				MACOSX_DEPLOYMENT_TARGET = 10.15;
				MTL_ENABLE_DEBUG_INFO = INCLUDE_SOURCE;
				MTL_FAST_MATH = YES;
				ONLY_ACTIVE_ARCH = YES;
				SDKROOT = macosx;
				SWIFT_ACTIVE_COMPILATION_CONDITIONS = DEBUG;
				SWIFT_OPTIMIZATION_LEVEL = "-Onone";
			};
			name = Debug;
		};
		B39BBE41248FC23500855E32 /* Release */ = {
			isa = XCBuildConfiguration;
			buildSettings = {
				ALWAYS_SEARCH_USER_PATHS = NO;
				CLANG_ANALYZER_NONNULL = YES;
				CLANG_ANALYZER_NUMBER_OBJECT_CONVERSION = YES_AGGRESSIVE;
				CLANG_CXX_LANGUAGE_STANDARD = "gnu++14";
				CLANG_CXX_LIBRARY = "libc++";
				CLANG_ENABLE_MODULES = YES;
				CLANG_ENABLE_OBJC_ARC = YES;
				CLANG_ENABLE_OBJC_WEAK = YES;
				CLANG_WARN_BLOCK_CAPTURE_AUTORELEASING = YES;
				CLANG_WARN_BOOL_CONVERSION = YES;
				CLANG_WARN_COMMA = YES;
				CLANG_WARN_CONSTANT_CONVERSION = YES;
				CLANG_WARN_DEPRECATED_OBJC_IMPLEMENTATIONS = YES;
				CLANG_WARN_DIRECT_OBJC_ISA_USAGE = YES_ERROR;
				CLANG_WARN_DOCUMENTATION_COMMENTS = YES;
				CLANG_WARN_EMPTY_BODY = YES;
				CLANG_WARN_ENUM_CONVERSION = YES;
				CLANG_WARN_INFINITE_RECURSION = YES;
				CLANG_WARN_INT_CONVERSION = YES;
				CLANG_WARN_NON_LITERAL_NULL_CONVERSION = YES;
				CLANG_WARN_OBJC_IMPLICIT_RETAIN_SELF = YES;
				CLANG_WARN_OBJC_LITERAL_CONVERSION = YES;
				CLANG_WARN_OBJC_ROOT_CLASS = YES_ERROR;
				CLANG_WARN_RANGE_LOOP_ANALYSIS = YES;
				CLANG_WARN_STRICT_PROTOTYPES = YES;
				CLANG_WARN_SUSPICIOUS_MOVE = YES;
				CLANG_WARN_UNGUARDED_AVAILABILITY = YES_AGGRESSIVE;
				CLANG_WARN_UNREACHABLE_CODE = YES;
				CLANG_WARN__DUPLICATE_METHOD_MATCH = YES;
				COPY_PHASE_STRIP = NO;
				DEBUG_INFORMATION_FORMAT = "dwarf-with-dsym";
				ENABLE_NS_ASSERTIONS = NO;
				ENABLE_STRICT_OBJC_MSGSEND = YES;
				GCC_C_LANGUAGE_STANDARD = gnu11;
				GCC_NO_COMMON_BLOCKS = YES;
				GCC_WARN_64_TO_32_BIT_CONVERSION = YES;
				GCC_WARN_ABOUT_RETURN_TYPE = YES_ERROR;
				GCC_WARN_UNDECLARED_SELECTOR = YES;
				GCC_WARN_UNINITIALIZED_AUTOS = YES_AGGRESSIVE;
				GCC_WARN_UNUSED_FUNCTION = YES;
				GCC_WARN_UNUSED_VARIABLE = YES;
				MACOSX_DEPLOYMENT_TARGET = 10.15;
				MTL_ENABLE_DEBUG_INFO = NO;
				MTL_FAST_MATH = YES;
				SDKROOT = macosx;
				SWIFT_COMPILATION_MODE = wholemodule;
				SWIFT_OPTIMIZATION_LEVEL = "-O";
			};
			name = Release;
		};
		B39BBE43248FC23500855E32 /* Debug */ = {
			isa = XCBuildConfiguration;
			buildSettings = {
				ASSETCATALOG_COMPILER_APPICON_NAME = AppIcon;
				CODE_SIGN_ENTITLEMENTS = AntiProton/AntiProton.entitlements;
				CODE_SIGN_STYLE = Automatic;
				COMBINE_HIDPI_IMAGES = YES;
				DEVELOPMENT_TEAM = VGURA84Q2L;
				ENABLE_HARDENED_RUNTIME = YES;
				INFOPLIST_FILE = AntiProton/Info.plist;
				LD_RUNPATH_SEARCH_PATHS = (
					"$(inherited)",
					"@executable_path/../Frameworks",
				);
				PRODUCT_BUNDLE_IDENTIFIER = com.pzl.AntiProton;
				PRODUCT_NAME = "$(TARGET_NAME)";
				SWIFT_VERSION = 5.0;
			};
			name = Debug;
		};
		B39BBE44248FC23500855E32 /* Release */ = {
			isa = XCBuildConfiguration;
			buildSettings = {
				ASSETCATALOG_COMPILER_APPICON_NAME = AppIcon;
				CODE_SIGN_ENTITLEMENTS = AntiProton/AntiProton.entitlements;
				CODE_SIGN_STYLE = Automatic;
				COMBINE_HIDPI_IMAGES = YES;
				DEVELOPMENT_TEAM = VGURA84Q2L;
				ENABLE_HARDENED_RUNTIME = YES;
				INFOPLIST_FILE = AntiProton/Info.plist;
				LD_RUNPATH_SEARCH_PATHS = (
					"$(inherited)",
					"@executable_path/../Frameworks",
				);
				PRODUCT_BUNDLE_IDENTIFIER = com.pzl.AntiProton;
				PRODUCT_NAME = "$(TARGET_NAME)";
				SWIFT_VERSION = 5.0;
			};
			name = Release;
		};
/* End XCBuildConfiguration section */

/* Begin XCConfigurationList section */
		B39BBE2D248FC22E00855E32 /* Build configuration list for PBXProject "AntiProton" */ = {
			isa = XCConfigurationList;
			buildConfigurations = (
				B39BBE40248FC23500855E32 /* Debug */,
				B39BBE41248FC23500855E32 /* Release */,
			);
			defaultConfigurationIsVisible = 0;
			defaultConfigurationName = Release;
		};
		B39BBE42248FC23500855E32 /* Build configuration list for PBXNativeTarget "AntiProton" */ = {
			isa = XCConfigurationList;
			buildConfigurations = (
				B39BBE43248FC23500855E32 /* Debug */,
				B39BBE44248FC23500855E32 /* Release */,
			);
			defaultConfigurationIsVisible = 0;
			defaultConfigurationName = Release;
		};
/* End XCConfigurationList section */
	};
	rootObject = B39BBE2A248FC22E00855E32 /* Project object */;
}
